
Microsoft Visual Studio Solution File, Format Version 12.00
# Visual Studio Version 17
VisualStudioVersion = 17.1.32414.318
MinimumVisualStudioVersion = 10.0.40219.1
Project("{2150E333-8FDC-42A3-9474-1A3956D46DE8}") = "Example 1 - TokenService", "Example 1 - TokenService", "{3AECFEDC-D75F-4764-8A38-32D9C777FB77}"
EndProject
Project("{9A19103F-16F7-4668-BE54-9A1E7A4F7556}") = "TokenService.WebApi", "Example 1 - TokenService\TokenService.WebApi\TokenService.WebApi.csproj", "{8DF980BD-2EF3-45C2-AEC6-9E853C6D247C}"
EndProject
Project("{2150E333-8FDC-42A3-9474-1A3956D46DE8}") = "Example 2 - AspNetIdentity", "Example 2 - AspNetIdentity", "{A8732BC8-BBEC-4F56-A2E1-57ED079DE139}"
EndProject
Project("{9A19103F-16F7-4668-BE54-9A1E7A4F7556}") = "DemoStore.Identity", "Example 2 - DemoStore\DemoStore.Identity\DemoStore.Identity.csproj", "{AAC5A02F-C869-4437-9C43-EA6036199E6B}"
EndProject
Project("{9A19103F-16F7-4668-BE54-9A1E7A4F7556}") = "DemoStore.WebApi", "Example 2 - DemoStore\DemoStore.WebApi\DemoStore.WebApi.csproj", "{59DBCCFF-F2B2-4230-882E-4F1E11E8B1D2}"
EndProject
Project("{2150E333-8FDC-42A3-9474-1A3956D46DE8}") = "Example 3 - MVC Basic", "Example 3 - MVC Basic", "{B12DF092-B50F-4487-891E-7789E552D1C5}"
EndProject
Project("{9A19103F-16F7-4668-BE54-9A1E7A4F7556}") = "MVCBasic.WebUI", "Example 3 - MVC Basic\MVCBasic.WebUI\MVCBasic.WebUI.csproj", "{41A5A32C-A602-433F-89A0-A749D046F856}"
EndProject
Project("{2150E333-8FDC-42A3-9474-1A3956D46DE8}") = "Example 4 - Identity", "Example 4 - Identity", "{C4C56708-F411-4063-9FE7-32CCCF20570E}"
EndProject
Project("{9A19103F-16F7-4668-BE54-9A1E7A4F7556}") = "IdentityExample", "Example 4 - Identity\IdentityExample\IdentityExample.csproj", "{2B7C82BA-44B6-4B38-8F8B-A5662C6224A6}"
EndProject
Project("{2150E333-8FDC-42A3-9474-1A3956D46DE8}") = "Example 5 - OAuth", "Example 5 - OAuth", "{F06A2CB4-467E-446C-A94E-00B1C87C7EF3}"
EndProject
Project("{9A19103F-16F7-4668-BE54-9A1E7A4F7556}") = "OAuthExample.WebApi", "Example 5 - OAuth\OAuthExample.WebApi\OAuthExample.WebApi.csproj", "{4E111942-2F9E-4CFC-BF9E-736CE2CA68A2}"
EndProject
Project("{9A19103F-16F7-4668-BE54-9A1E7A4F7556}") = "OAuthExample.WebMVC", "Example 5 - OAuth\OAuthExample.WebMVC\OAuthExample.WebMVC.csproj", "{785F61E0-4BDE-4114-9929-28F31A43C32D}"
EndProject
Project("{2150E333-8FDC-42A3-9474-1A3956D46DE8}") = "Example 6 - ClientServer", "Example 6 - ClientServer", "{4F4B4D38-259A-417A-9303-D46481D8AFEE}"
EndProject
Project("{FAE04EC0-301F-11D3-BF4B-00C04F79EFBC}") = "DemoClientServer.WebMVC", "Example 6 - ClientServer\DemoClientServer.WebMVC\DemoClientServer.WebMVC.csproj", "{CA2A68A4-C72C-4BF0-AAE6-D3EE2C2B774F}"
EndProject
Project("{FAE04EC0-301F-11D3-BF4B-00C04F79EFBC}") = "DemoClientServer.WebApi", "Example 6 - ClientServer\DemoClientServer.WebApi\DemoClientServer.WebApi.csproj", "{03B3A886-7131-447D-9946-CFC6C1B6A01D}"
EndProject
Global
	GlobalSection(SolutionConfigurationPlatforms) = preSolution
		Debug|Any CPU = Debug|Any CPU
		Release|Any CPU = Release|Any CPU
	EndGlobalSection
	GlobalSection(ProjectConfigurationPlatforms) = postSolution
		{8DF980BD-2EF3-45C2-AEC6-9E853C6D247C}.Debug|Any CPU.ActiveCfg = Debug|Any CPU
		{8DF980BD-2EF3-45C2-AEC6-9E853C6D247C}.Debug|Any CPU.Build.0 = Debug|Any CPU
		{8DF980BD-2EF3-45C2-AEC6-9E853C6D247C}.Release|Any CPU.ActiveCfg = Release|Any CPU
		{8DF980BD-2EF3-45C2-AEC6-9E853C6D247C}.Release|Any CPU.Build.0 = Release|Any CPU
		{AAC5A02F-C869-4437-9C43-EA6036199E6B}.Debug|Any CPU.ActiveCfg = Debug|Any CPU
		{AAC5A02F-C869-4437-9C43-EA6036199E6B}.Debug|Any CPU.Build.0 = Debug|Any CPU
		{AAC5A02F-C869-4437-9C43-EA6036199E6B}.Release|Any CPU.ActiveCfg = Release|Any CPU
		{AAC5A02F-C869-4437-9C43-EA6036199E6B}.Release|Any CPU.Build.0 = Release|Any CPU
		{59DBCCFF-F2B2-4230-882E-4F1E11E8B1D2}.Debug|Any CPU.ActiveCfg = Debug|Any CPU
		{59DBCCFF-F2B2-4230-882E-4F1E11E8B1D2}.Debug|Any CPU.Build.0 = Debug|Any CPU
		{59DBCCFF-F2B2-4230-882E-4F1E11E8B1D2}.Release|Any CPU.ActiveCfg = Release|Any CPU
		{59DBCCFF-F2B2-4230-882E-4F1E11E8B1D2}.Release|Any CPU.Build.0 = Release|Any CPU
		{41A5A32C-A602-433F-89A0-A749D046F856}.Debug|Any CPU.ActiveCfg = Debug|Any CPU
		{41A5A32C-A602-433F-89A0-A749D046F856}.Debug|Any CPU.Build.0 = Debug|Any CPU
		{41A5A32C-A602-433F-89A0-A749D046F856}.Release|Any CPU.ActiveCfg = Release|Any CPU
		{41A5A32C-A602-433F-89A0-A749D046F856}.Release|Any CPU.Build.0 = Release|Any CPU
		{2B7C82BA-44B6-4B38-8F8B-A5662C6224A6}.Debug|Any CPU.ActiveCfg = Debug|Any CPU
		{2B7C82BA-44B6-4B38-8F8B-A5662C6224A6}.Debug|Any CPU.Build.0 = Debug|Any CPU
		{2B7C82BA-44B6-4B38-8F8B-A5662C6224A6}.Release|Any CPU.ActiveCfg = Release|Any CPU
		{2B7C82BA-44B6-4B38-8F8B-A5662C6224A6}.Release|Any CPU.Build.0 = Release|Any CPU
		{4E111942-2F9E-4CFC-BF9E-736CE2CA68A2}.Debug|Any CPU.ActiveCfg = Debug|Any CPU
		{4E111942-2F9E-4CFC-BF9E-736CE2CA68A2}.Debug|Any CPU.Build.0 = Debug|Any CPU
		{4E111942-2F9E-4CFC-BF9E-736CE2CA68A2}.Release|Any CPU.ActiveCfg = Release|Any CPU
		{4E111942-2F9E-4CFC-BF9E-736CE2CA68A2}.Release|Any CPU.Build.0 = Release|Any CPU
		{785F61E0-4BDE-4114-9929-28F31A43C32D}.Debug|Any CPU.ActiveCfg = Debug|Any CPU
		{785F61E0-4BDE-4114-9929-28F31A43C32D}.Debug|Any CPU.Build.0 = Debug|Any CPU
		{785F61E0-4BDE-4114-9929-28F31A43C32D}.Release|Any CPU.ActiveCfg = Release|Any CPU
		{785F61E0-4BDE-4114-9929-28F31A43C32D}.Release|Any CPU.Build.0 = Release|Any CPU
		{CA2A68A4-C72C-4BF0-AAE6-D3EE2C2B774F}.Debug|Any CPU.ActiveCfg = Debug|Any CPU
		{CA2A68A4-C72C-4BF0-AAE6-D3EE2C2B774F}.Debug|Any CPU.Build.0 = Debug|Any CPU
		{CA2A68A4-C72C-4BF0-AAE6-D3EE2C2B774F}.Release|Any CPU.ActiveCfg = Release|Any CPU
		{CA2A68A4-C72C-4BF0-AAE6-D3EE2C2B774F}.Release|Any CPU.Build.0 = Release|Any CPU
		{03B3A886-7131-447D-9946-CFC6C1B6A01D}.Debug|Any CPU.ActiveCfg = Debug|Any CPU
		{03B3A886-7131-447D-9946-CFC6C1B6A01D}.Debug|Any CPU.Build.0 = Debug|Any CPU
		{03B3A886-7131-447D-9946-CFC6C1B6A01D}.Release|Any CPU.ActiveCfg = Release|Any CPU
		{03B3A886-7131-447D-9946-CFC6C1B6A01D}.Release|Any CPU.Build.0 = Release|Any CPU
	EndGlobalSection
	GlobalSection(SolutionProperties) = preSolution
		HideSolutionNode = FALSE
	EndGlobalSection
	GlobalSection(NestedProjects) = preSolution
		{8DF980BD-2EF3-45C2-AEC6-9E853C6D247C} = {3AECFEDC-D75F-4764-8A38-32D9C777FB77}
		{AAC5A02F-C869-4437-9C43-EA6036199E6B} = {A8732BC8-BBEC-4F56-A2E1-57ED079DE139}
		{59DBCCFF-F2B2-4230-882E-4F1E11E8B1D2} = {A8732BC8-BBEC-4F56-A2E1-57ED079DE139}
		{41A5A32C-A602-433F-89A0-A749D046F856} = {B12DF092-B50F-4487-891E-7789E552D1C5}
		{2B7C82BA-44B6-4B38-8F8B-A5662C6224A6} = {C4C56708-F411-4063-9FE7-32CCCF20570E}
		{4E111942-2F9E-4CFC-BF9E-736CE2CA68A2} = {F06A2CB4-467E-446C-A94E-00B1C87C7EF3}
		{785F61E0-4BDE-4114-9929-28F31A43C32D} = {F06A2CB4-467E-446C-A94E-00B1C87C7EF3}
		{CA2A68A4-C72C-4BF0-AAE6-D3EE2C2B774F} = {4F4B4D38-259A-417A-9303-D46481D8AFEE}
		{03B3A886-7131-447D-9946-CFC6C1B6A01D} = {4F4B4D38-259A-417A-9303-D46481D8AFEE}
	EndGlobalSection
	GlobalSection(ExtensibilityGlobals) = postSolution
		SolutionGuid = {67251557-E68A-4142-B4C1-B073E1400BEC}
	EndGlobalSection
EndGlobal
